
Microsoft Visual Studio Solution File, Format Version 12.00
# Visual Studio 15
VisualStudioVersion = 15.0.28307.168
MinimumVisualStudioVersion = 10.0.40219.1
Project("{FAE04EC0-301F-11D3-BF4B-00C04F79EFBC}") = "TestGithub", "TestGithub\TestGithub.csproj", "{AB3C0305-C6E7-41E7-B468-959C25182AD1}"
EndProject
Global
	GlobalSection(SolutionConfigurationPlatforms) = preSolution
		Debug|Any CPU = Debug|Any CPU
		Release|Any CPU = Release|Any CPU
	EndGlobalSection
	GlobalSection(ProjectConfigurationPlatforms) = postSolution
		{AB3C0305-C6E7-41E7-B468-959C25182AD1}.Debug|Any CPU.ActiveCfg = Debug|Any CPU
		{AB3C0305-C6E7-41E7-B468-959C25182AD1}.Debug|Any CPU.Build.0 = Debug|Any CPU
		{AB3C0305-C6E7-41E7-B468-959C25182AD1}.Release|Any CPU.ActiveCfg = Release|Any CPU
		{AB3C0305-C6E7-41E7-B468-959C25182AD1}.Release|Any CPU.Build.0 = Release|Any CPU
	EndGlobalSection
	GlobalSection(SolutionProperties) = preSolution
		HideSolutionNode = FALSE
	EndGlobalSection
	GlobalSection(ExtensibilityGlobals) = postSolution
		SolutionGuid = {C2E93E37-E752-4E7A-86A4-C594062CC803}
	EndGlobalSection
EndGlobal
